{
  "requires": true,
  "lockfileVersion": 1,
  "dependencies": {
    "systemjs": {
      "version": "5.0.0",
      "resolved": "https://registry.npmjs.org/systemjs/-/systemjs-5.0.0.tgz",
      "integrity": "sha512-hnD/IMQhH0UmawiIGlYVnkCPUbbO/WDQjOC+Q4PewHBdsagI1OHH1re1sg1AYFqq7p9ps6b1Bsx4xCeoeIZSCw=="
    }
  }
}
